
Microsoft Visual Studio Solution File, Format Version 12.00
# Visual Studio Version 16
VisualStudioVersion = 16.0.29911.84
MinimumVisualStudioVersion = 10.0.40219.1
Project("{8BC9CEB8-8B4A-11D0-8D11-00A0C91BC942}") = "Homework 3-1", "Homework 3-1\Homework 3-1.vcxproj", "{9CE1E7EC-0A8C-4EF3-BE6A-0E1C8738C57C}"
EndProject
Project("{8BC9CEB8-8B4A-11D0-8D11-00A0C91BC942}") = "Homework 3-2", "Homework 3-2\Homework 3-2.vcxproj", "{2B4FFC30-7722-4FF4-A29A-F9EDAAAC1638}"
EndProject
Project("{8BC9CEB8-8B4A-11D0-8D11-00A0C91BC942}") = "Homework 4", "Homework 4\Homework 4.vcxproj", "{47544B12-D4DF-4B6A-8668-9A12BB5E8BD7}"
EndProject
Project("{8BC9CEB8-8B4A-11D0-8D11-00A0C91BC942}") = "Homework 6-1", "Homework 6-1\Homework 6-1.vcxproj", "{ACFF4F37-9D82-4833-A9B1-5944B8B2E65F}"
EndProject
Project("{8BC9CEB8-8B4A-11D0-8D11-00A0C91BC942}") = "Homework 6-2", "Homework 6-2\Homework 6-2.vcxproj", "{AC6BAF56-F7FF-4FB7-BBDE-EDFEA9743DE6}"
EndProject
Project("{8BC9CEB8-8B4A-11D0-8D11-00A0C91BC942}") = "Homework 7-1", "Homework 7-1\Homework 7-1.vcxproj", "{41B12038-C1A0-449E-BF3F-7E5DBB4C235B}"
EndProject
Project("{8BC9CEB8-8B4A-11D0-8D11-00A0C91BC942}") = "Homework 7-2", "Homework 7-2\Homework 7-2.vcxproj", "{62087ECD-2B73-409C-8858-B9F18180AA4A}"
EndProject
Project("{8BC9CEB8-8B4A-11D0-8D11-00A0C91BC942}") = "Homework 7-3", "Homework 7-3\Homework 7-3.vcxproj", "{6DFD7A9B-FE58-4CB4-BD51-DF93F88FA57B}"
EndProject
Project("{8BC9CEB8-8B4A-11D0-8D11-00A0C91BC942}") = "Homework 7-4", "Homework 7-4\Homework 7-4.vcxproj", "{07932138-5948-40EE-97EA-809F5B68F252}"
EndProject
Project("{8BC9CEB8-8B4A-11D0-8D11-00A0C91BC942}") = "Homework 8-1", "Homework 8-1\Homework 8-1.vcxproj", "{629F273C-85B5-422F-8EAF-6A19B6A942E8}"
EndProject
Project("{8BC9CEB8-8B4A-11D0-8D11-00A0C91BC942}") = "Homework 8-2", "Homework 8-2\Homework 8-2.vcxproj", "{5FFD8A26-4195-4DF3-B808-DB9DA172F851}"
EndProject
Project("{8BC9CEB8-8B4A-11D0-8D11-00A0C91BC942}") = "Homework 9-1", "Homework 9-1\Homework 9-1.vcxproj", "{6FD9F628-2776-4705-977E-C0BC9095E92E}"
EndProject
Project("{8BC9CEB8-8B4A-11D0-8D11-00A0C91BC942}") = "Homework 10-1", "Homework 10-1\Homework 10-1.vcxproj", "{20975FF1-D0CC-4DFE-B81C-ED3101DDCAE2}"
EndProject
Project("{8BC9CEB8-8B4A-11D0-8D11-00A0C91BC942}") = "Homework 9-2", "Homework 9-2\Homework 9-2.vcxproj", "{1C7364C9-A90E-4AE4-A2C1-7BC7C45A148D}"
EndProject
Project("{8BC9CEB8-8B4A-11D0-8D11-00A0C91BC942}") = "Homework 10-2", "Homework 10-2\Homework 10-2.vcxproj", "{4BD0A51C-0A66-4C0C-AA3E-FE14A72ACE2B}"
EndProject
Project("{8BC9CEB8-8B4A-11D0-8D11-00A0C91BC942}") = "Homework 11-1", "Homework 11-1\Homework 11-1.vcxproj", "{2B68C462-740E-40AE-8D61-5563C337EE83}"
EndProject
Project("{8BC9CEB8-8B4A-11D0-8D11-00A0C91BC942}") = "Homework 11-2", "Homework 11-2\Homework 11-2.vcxproj", "{A1F63535-D736-47B7-9361-31A58C84643D}"
EndProject
Project("{8BC9CEB8-8B4A-11D0-8D11-00A0C91BC942}") = "Homework 11-3", "Homework 11-3\Homework 11-3.vcxproj", "{90F836E3-B69E-4CD2-91C9-FCA99831A3FA}"
EndProject
Project("{8BC9CEB8-8B4A-11D0-8D11-00A0C91BC942}") = "Homework 13-1", "Homework 13-1\Homework 13-1.vcxproj", "{04668D60-13A1-4458-B67A-82BB147C0A24}"
EndProject
Project("{8BC9CEB8-8B4A-11D0-8D11-00A0C91BC942}") = "Homework 13-2", "Homework 13-2\Homework 13-2.vcxproj", "{EDEE5419-1A16-4515-8A45-C491BB680C3D}"
EndProject
Project("{8BC9CEB8-8B4A-11D0-8D11-00A0C91BC942}") = "Homework 12-2", "Homework 12-2\Homework 12-2.vcxproj", "{9BDB99F1-1CD2-417B-B06A-199C5EDD0350}"
EndProject
Project("{8BC9CEB8-8B4A-11D0-8D11-00A0C91BC942}") = "Homework 2", "Homework 2\Homework 2.vcxproj", "{8C38D23A-C9AA-492A-9A02-497C460C3E9B}"
EndProject
Global
	GlobalSection(SolutionConfigurationPlatforms) = preSolution
		Debug|x64 = Debug|x64
		Debug|x86 = Debug|x86
		Release|x64 = Release|x64
		Release|x86 = Release|x86
	EndGlobalSection
	GlobalSection(ProjectConfigurationPlatforms) = postSolution
		{9CE1E7EC-0A8C-4EF3-BE6A-0E1C8738C57C}.Debug|x64.ActiveCfg = Debug|x64
		{9CE1E7EC-0A8C-4EF3-BE6A-0E1C8738C57C}.Debug|x64.Build.0 = Debug|x64
		{9CE1E7EC-0A8C-4EF3-BE6A-0E1C8738C57C}.Debug|x86.ActiveCfg = Debug|Win32
		{9CE1E7EC-0A8C-4EF3-BE6A-0E1C8738C57C}.Debug|x86.Build.0 = Debug|Win32
		{9CE1E7EC-0A8C-4EF3-BE6A-0E1C8738C57C}.Release|x64.ActiveCfg = Release|x64
		{9CE1E7EC-0A8C-4EF3-BE6A-0E1C8738C57C}.Release|x64.Build.0 = Release|x64
		{9CE1E7EC-0A8C-4EF3-BE6A-0E1C8738C57C}.Release|x86.ActiveCfg = Release|Win32
		{9CE1E7EC-0A8C-4EF3-BE6A-0E1C8738C57C}.Release|x86.Build.0 = Release|Win32
		{2B4FFC30-7722-4FF4-A29A-F9EDAAAC1638}.Debug|x64.ActiveCfg = Debug|x64
		{2B4FFC30-7722-4FF4-A29A-F9EDAAAC1638}.Debug|x64.Build.0 = Debug|x64
		{2B4FFC30-7722-4FF4-A29A-F9EDAAAC1638}.Debug|x86.ActiveCfg = Debug|Win32
		{2B4FFC30-7722-4FF4-A29A-F9EDAAAC1638}.Debug|x86.Build.0 = Debug|Win32
		{2B4FFC30-7722-4FF4-A29A-F9EDAAAC1638}.Release|x64.ActiveCfg = Release|x64
		{2B4FFC30-7722-4FF4-A29A-F9EDAAAC1638}.Release|x64.Build.0 = Release|x64
		{2B4FFC30-7722-4FF4-A29A-F9EDAAAC1638}.Release|x86.ActiveCfg = Release|Win32
		{2B4FFC30-7722-4FF4-A29A-F9EDAAAC1638}.Release|x86.Build.0 = Release|Win32
		{47544B12-D4DF-4B6A-8668-9A12BB5E8BD7}.Debug|x64.ActiveCfg = Debug|x64
		{47544B12-D4DF-4B6A-8668-9A12BB5E8BD7}.Debug|x64.Build.0 = Debug|x64
		{47544B12-D4DF-4B6A-8668-9A12BB5E8BD7}.Debug|x86.ActiveCfg = Debug|Win32
		{47544B12-D4DF-4B6A-8668-9A12BB5E8BD7}.Debug|x86.Build.0 = Debug|Win32
		{47544B12-D4DF-4B6A-8668-9A12BB5E8BD7}.Release|x64.ActiveCfg = Release|x64
		{47544B12-D4DF-4B6A-8668-9A12BB5E8BD7}.Release|x64.Build.0 = Release|x64
		{47544B12-D4DF-4B6A-8668-9A12BB5E8BD7}.Release|x86.ActiveCfg = Release|Win32
		{47544B12-D4DF-4B6A-8668-9A12BB5E8BD7}.Release|x86.Build.0 = Release|Win32
		{ACFF4F37-9D82-4833-A9B1-5944B8B2E65F}.Debug|x64.ActiveCfg = Debug|x64
		{ACFF4F37-9D82-4833-A9B1-5944B8B2E65F}.Debug|x64.Build.0 = Debug|x64
		{ACFF4F37-9D82-4833-A9B1-5944B8B2E65F}.Debug|x86.ActiveCfg = Debug|Win32
		{ACFF4F37-9D82-4833-A9B1-5944B8B2E65F}.Debug|x86.Build.0 = Debug|Win32
		{ACFF4F37-9D82-4833-A9B1-5944B8B2E65F}.Release|x64.ActiveCfg = Release|x64
		{ACFF4F37-9D82-4833-A9B1-5944B8B2E65F}.Release|x64.Build.0 = Release|x64
		{ACFF4F37-9D82-4833-A9B1-5944B8B2E65F}.Release|x86.ActiveCfg = Release|Win32
		{ACFF4F37-9D82-4833-A9B1-5944B8B2E65F}.Release|x86.Build.0 = Release|Win32
		{AC6BAF56-F7FF-4FB7-BBDE-EDFEA9743DE6}.Debug|x64.ActiveCfg = Debug|x64
		{AC6BAF56-F7FF-4FB7-BBDE-EDFEA9743DE6}.Debug|x64.Build.0 = Debug|x64
		{AC6BAF56-F7FF-4FB7-BBDE-EDFEA9743DE6}.Debug|x86.ActiveCfg = Debug|Win32
		{AC6BAF56-F7FF-4FB7-BBDE-EDFEA9743DE6}.Debug|x86.Build.0 = Debug|Win32
		{AC6BAF56-F7FF-4FB7-BBDE-EDFEA9743DE6}.Release|x64.ActiveCfg = Release|x64
		{AC6BAF56-F7FF-4FB7-BBDE-EDFEA9743DE6}.Release|x64.Build.0 = Release|x64
		{AC6BAF56-F7FF-4FB7-BBDE-EDFEA9743DE6}.Release|x86.ActiveCfg = Release|Win32
		{AC6BAF56-F7FF-4FB7-BBDE-EDFEA9743DE6}.Release|x86.Build.0 = Release|Win32
		{41B12038-C1A0-449E-BF3F-7E5DBB4C235B}.Debug|x64.ActiveCfg = Debug|x64
		{41B12038-C1A0-449E-BF3F-7E5DBB4C235B}.Debug|x64.Build.0 = Debug|x64
		{41B12038-C1A0-449E-BF3F-7E5DBB4C235B}.Debug|x86.ActiveCfg = Debug|Win32
		{41B12038-C1A0-449E-BF3F-7E5DBB4C235B}.Debug|x86.Build.0 = Debug|Win32
		{41B12038-C1A0-449E-BF3F-7E5DBB4C235B}.Release|x64.ActiveCfg = Release|x64
		{41B12038-C1A0-449E-BF3F-7E5DBB4C235B}.Release|x64.Build.0 = Release|x64
		{41B12038-C1A0-449E-BF3F-7E5DBB4C235B}.Release|x86.ActiveCfg = Release|Win32
		{41B12038-C1A0-449E-BF3F-7E5DBB4C235B}.Release|x86.Build.0 = Release|Win32
		{62087ECD-2B73-409C-8858-B9F18180AA4A}.Debug|x64.ActiveCfg = Debug|x64
		{62087ECD-2B73-409C-8858-B9F18180AA4A}.Debug|x64.Build.0 = Debug|x64
		{62087ECD-2B73-409C-8858-B9F18180AA4A}.Debug|x86.ActiveCfg = Debug|Win32
		{62087ECD-2B73-409C-8858-B9F18180AA4A}.Debug|x86.Build.0 = Debug|Win32
		{62087ECD-2B73-409C-8858-B9F18180AA4A}.Release|x64.ActiveCfg = Release|x64
		{62087ECD-2B73-409C-8858-B9F18180AA4A}.Release|x64.Build.0 = Release|x64
		{62087ECD-2B73-409C-8858-B9F18180AA4A}.Release|x86.ActiveCfg = Release|Win32
		{62087ECD-2B73-409C-8858-B9F18180AA4A}.Release|x86.Build.0 = Release|Win32
		{6DFD7A9B-FE58-4CB4-BD51-DF93F88FA57B}.Debug|x64.ActiveCfg = Debug|x64
		{6DFD7A9B-FE58-4CB4-BD51-DF93F88FA57B}.Debug|x64.Build.0 = Debug|x64
		{6DFD7A9B-FE58-4CB4-BD51-DF93F88FA57B}.Debug|x86.ActiveCfg = Debug|Win32
		{6DFD7A9B-FE58-4CB4-BD51-DF93F88FA57B}.Debug|x86.Build.0 = Debug|Win32
		{6DFD7A9B-FE58-4CB4-BD51-DF93F88FA57B}.Release|x64.ActiveCfg = Release|x64
		{6DFD7A9B-FE58-4CB4-BD51-DF93F88FA57B}.Release|x64.Build.0 = Release|x64
		{6DFD7A9B-FE58-4CB4-BD51-DF93F88FA57B}.Release|x86.ActiveCfg = Release|Win32
		{6DFD7A9B-FE58-4CB4-BD51-DF93F88FA57B}.Release|x86.Build.0 = Release|Win32
		{07932138-5948-40EE-97EA-809F5B68F252}.Debug|x64.ActiveCfg = Debug|x64
		{07932138-5948-40EE-97EA-809F5B68F252}.Debug|x64.Build.0 = Debug|x64
		{07932138-5948-40EE-97EA-809F5B68F252}.Debug|x86.ActiveCfg = Debug|Win32
		{07932138-5948-40EE-97EA-809F5B68F252}.Debug|x86.Build.0 = Debug|Win32
		{07932138-5948-40EE-97EA-809F5B68F252}.Release|x64.ActiveCfg = Release|x64
		{07932138-5948-40EE-97EA-809F5B68F252}.Release|x64.Build.0 = Release|x64
		{07932138-5948-40EE-97EA-809F5B68F252}.Release|x86.ActiveCfg = Release|Win32
		{07932138-5948-40EE-97EA-809F5B68F252}.Release|x86.Build.0 = Release|Win32
		{629F273C-85B5-422F-8EAF-6A19B6A942E8}.Debug|x64.ActiveCfg = Debug|x64
		{629F273C-85B5-422F-8EAF-6A19B6A942E8}.Debug|x64.Build.0 = Debug|x64
		{629F273C-85B5-422F-8EAF-6A19B6A942E8}.Debug|x86.ActiveCfg = Debug|Win32
		{629F273C-85B5-422F-8EAF-6A19B6A942E8}.Debug|x86.Build.0 = Debug|Win32
		{629F273C-85B5-422F-8EAF-6A19B6A942E8}.Release|x64.ActiveCfg = Release|x64
		{629F273C-85B5-422F-8EAF-6A19B6A942E8}.Release|x64.Build.0 = Release|x64
		{629F273C-85B5-422F-8EAF-6A19B6A942E8}.Release|x86.ActiveCfg = Release|Win32
		{629F273C-85B5-422F-8EAF-6A19B6A942E8}.Release|x86.Build.0 = Release|Win32
		{5FFD8A26-4195-4DF3-B808-DB9DA172F851}.Debug|x64.ActiveCfg = Debug|x64
		{5FFD8A26-4195-4DF3-B808-DB9DA172F851}.Debug|x64.Build.0 = Debug|x64
		{5FFD8A26-4195-4DF3-B808-DB9DA172F851}.Debug|x86.ActiveCfg = Debug|Win32
		{5FFD8A26-4195-4DF3-B808-DB9DA172F851}.Debug|x86.Build.0 = Debug|Win32
		{5FFD8A26-4195-4DF3-B808-DB9DA172F851}.Release|x64.ActiveCfg = Release|x64
		{5FFD8A26-4195-4DF3-B808-DB9DA172F851}.Release|x64.Build.0 = Release|x64
		{5FFD8A26-4195-4DF3-B808-DB9DA172F851}.Release|x86.ActiveCfg = Release|Win32
		{5FFD8A26-4195-4DF3-B808-DB9DA172F851}.Release|x86.Build.0 = Release|Win32
		{6FD9F628-2776-4705-977E-C0BC9095E92E}.Debug|x64.ActiveCfg = Debug|x64
		{6FD9F628-2776-4705-977E-C0BC9095E92E}.Debug|x64.Build.0 = Debug|x64
		{6FD9F628-2776-4705-977E-C0BC9095E92E}.Debug|x86.ActiveCfg = Debug|Win32
		{6FD9F628-2776-4705-977E-C0BC9095E92E}.Debug|x86.Build.0 = Debug|Win32
		{6FD9F628-2776-4705-977E-C0BC9095E92E}.Release|x64.ActiveCfg = Release|x64
		{6FD9F628-2776-4705-977E-C0BC9095E92E}.Release|x64.Build.0 = Release|x64
		{6FD9F628-2776-4705-977E-C0BC9095E92E}.Release|x86.ActiveCfg = Release|Win32
		{6FD9F628-2776-4705-977E-C0BC9095E92E}.Release|x86.Build.0 = Release|Win32
		{20975FF1-D0CC-4DFE-B81C-ED3101DDCAE2}.Debug|x64.ActiveCfg = Debug|x64
		{20975FF1-D0CC-4DFE-B81C-ED3101DDCAE2}.Debug|x64.Build.0 = Debug|x64
		{20975FF1-D0CC-4DFE-B81C-ED3101DDCAE2}.Debug|x86.ActiveCfg = Debug|Win32
		{20975FF1-D0CC-4DFE-B81C-ED3101DDCAE2}.Debug|x86.Build.0 = Debug|Win32
		{20975FF1-D0CC-4DFE-B81C-ED3101DDCAE2}.Release|x64.ActiveCfg = Release|x64
		{20975FF1-D0CC-4DFE-B81C-ED3101DDCAE2}.Release|x64.Build.0 = Release|x64
		{20975FF1-D0CC-4DFE-B81C-ED3101DDCAE2}.Release|x86.ActiveCfg = Release|Win32
		{20975FF1-D0CC-4DFE-B81C-ED3101DDCAE2}.Release|x86.Build.0 = Release|Win32
		{1C7364C9-A90E-4AE4-A2C1-7BC7C45A148D}.Debug|x64.ActiveCfg = Debug|x64
		{1C7364C9-A90E-4AE4-A2C1-7BC7C45A148D}.Debug|x64.Build.0 = Debug|x64
		{1C7364C9-A90E-4AE4-A2C1-7BC7C45A148D}.Debug|x86.ActiveCfg = Debug|Win32
		{1C7364C9-A90E-4AE4-A2C1-7BC7C45A148D}.Debug|x86.Build.0 = Debug|Win32
		{1C7364C9-A90E-4AE4-A2C1-7BC7C45A148D}.Release|x64.ActiveCfg = Release|x64
		{1C7364C9-A90E-4AE4-A2C1-7BC7C45A148D}.Release|x64.Build.0 = Release|x64
		{1C7364C9-A90E-4AE4-A2C1-7BC7C45A148D}.Release|x86.ActiveCfg = Release|Win32
		{1C7364C9-A90E-4AE4-A2C1-7BC7C45A148D}.Release|x86.Build.0 = Release|Win32
		{4BD0A51C-0A66-4C0C-AA3E-FE14A72ACE2B}.Debug|x64.ActiveCfg = Debug|x64
		{4BD0A51C-0A66-4C0C-AA3E-FE14A72ACE2B}.Debug|x64.Build.0 = Debug|x64
		{4BD0A51C-0A66-4C0C-AA3E-FE14A72ACE2B}.Debug|x86.ActiveCfg = Debug|Win32
		{4BD0A51C-0A66-4C0C-AA3E-FE14A72ACE2B}.Debug|x86.Build.0 = Debug|Win32
		{4BD0A51C-0A66-4C0C-AA3E-FE14A72ACE2B}.Release|x64.ActiveCfg = Release|x64
		{4BD0A51C-0A66-4C0C-AA3E-FE14A72ACE2B}.Release|x64.Build.0 = Release|x64
		{4BD0A51C-0A66-4C0C-AA3E-FE14A72ACE2B}.Release|x86.ActiveCfg = Release|Win32
		{4BD0A51C-0A66-4C0C-AA3E-FE14A72ACE2B}.Release|x86.Build.0 = Release|Win32
		{2B68C462-740E-40AE-8D61-5563C337EE83}.Debug|x64.ActiveCfg = Debug|x64
		{2B68C462-740E-40AE-8D61-5563C337EE83}.Debug|x64.Build.0 = Debug|x64
		{2B68C462-740E-40AE-8D61-5563C337EE83}.Debug|x86.ActiveCfg = Debug|Win32
		{2B68C462-740E-40AE-8D61-5563C337EE83}.Debug|x86.Build.0 = Debug|Win32
		{2B68C462-740E-40AE-8D61-5563C337EE83}.Release|x64.ActiveCfg = Release|x64
		{2B68C462-740E-40AE-8D61-5563C337EE83}.Release|x64.Build.0 = Release|x64
		{2B68C462-740E-40AE-8D61-5563C337EE83}.Release|x86.ActiveCfg = Release|Win32
		{2B68C462-740E-40AE-8D61-5563C337EE83}.Release|x86.Build.0 = Release|Win32
		{A1F63535-D736-47B7-9361-31A58C84643D}.Debug|x64.ActiveCfg = Debug|x64
		{A1F63535-D736-47B7-9361-31A58C84643D}.Debug|x64.Build.0 = Debug|x64
		{A1F63535-D736-47B7-9361-31A58C84643D}.Debug|x86.ActiveCfg = Debug|Win32
		{A1F63535-D736-47B7-9361-31A58C84643D}.Debug|x86.Build.0 = Debug|Win32
		{A1F63535-D736-47B7-9361-31A58C84643D}.Release|x64.ActiveCfg = Release|x64
		{A1F63535-D736-47B7-9361-31A58C84643D}.Release|x64.Build.0 = Release|x64
		{A1F63535-D736-47B7-9361-31A58C84643D}.Release|x86.ActiveCfg = Release|Win32
		{A1F63535-D736-47B7-9361-31A58C84643D}.Release|x86.Build.0 = Release|Win32
		{90F836E3-B69E-4CD2-91C9-FCA99831A3FA}.Debug|x64.ActiveCfg = Debug|x64
		{90F836E3-B69E-4CD2-91C9-FCA99831A3FA}.Debug|x64.Build.0 = Debug|x64
		{90F836E3-B69E-4CD2-91C9-FCA99831A3FA}.Debug|x86.ActiveCfg = Debug|Win32
		{90F836E3-B69E-4CD2-91C9-FCA99831A3FA}.Debug|x86.Build.0 = Debug|Win32
		{90F836E3-B69E-4CD2-91C9-FCA99831A3FA}.Release|x64.ActiveCfg = Release|x64
		{90F836E3-B69E-4CD2-91C9-FCA99831A3FA}.Release|x64.Build.0 = Release|x64
		{90F836E3-B69E-4CD2-91C9-FCA99831A3FA}.Release|x86.ActiveCfg = Release|Win32
		{90F836E3-B69E-4CD2-91C9-FCA99831A3FA}.Release|x86.Build.0 = Release|Win32
		{04668D60-13A1-4458-B67A-82BB147C0A24}.Debug|x64.ActiveCfg = Debug|x64
		{04668D60-13A1-4458-B67A-82BB147C0A24}.Debug|x64.Build.0 = Debug|x64
		{04668D60-13A1-4458-B67A-82BB147C0A24}.Debug|x86.ActiveCfg = Debug|Win32
		{04668D60-13A1-4458-B67A-82BB147C0A24}.Debug|x86.Build.0 = Debug|Win32
		{04668D60-13A1-4458-B67A-82BB147C0A24}.Release|x64.ActiveCfg = Release|x64
		{04668D60-13A1-4458-B67A-82BB147C0A24}.Release|x64.Build.0 = Release|x64
		{04668D60-13A1-4458-B67A-82BB147C0A24}.Release|x86.ActiveCfg = Release|Win32
		{04668D60-13A1-4458-B67A-82BB147C0A24}.Release|x86.Build.0 = Release|Win32
		{EDEE5419-1A16-4515-8A45-C491BB680C3D}.Debug|x64.ActiveCfg = Debug|x64
		{EDEE5419-1A16-4515-8A45-C491BB680C3D}.Debug|x64.Build.0 = Debug|x64
		{EDEE5419-1A16-4515-8A45-C491BB680C3D}.Debug|x86.ActiveCfg = Debug|Win32
		{EDEE5419-1A16-4515-8A45-C491BB680C3D}.Debug|x86.Build.0 = Debug|Win32
		{EDEE5419-1A16-4515-8A45-C491BB680C3D}.Release|x64.ActiveCfg = Release|x64
		{EDEE5419-1A16-4515-8A45-C491BB680C3D}.Release|x64.Build.0 = Release|x64
		{EDEE5419-1A16-4515-8A45-C491BB680C3D}.Release|x86.ActiveCfg = Release|Win32
		{EDEE5419-1A16-4515-8A45-C491BB680C3D}.Release|x86.Build.0 = Release|Win32
		{9BDB99F1-1CD2-417B-B06A-199C5EDD0350}.Debug|x64.ActiveCfg = Debug|x64
		{9BDB99F1-1CD2-417B-B06A-199C5EDD0350}.Debug|x64.Build.0 = Debug|x64
		{9BDB99F1-1CD2-417B-B06A-199C5EDD0350}.Debug|x86.ActiveCfg = Debug|Win32
		{9BDB99F1-1CD2-417B-B06A-199C5EDD0350}.Debug|x86.Build.0 = Debug|Win32
		{9BDB99F1-1CD2-417B-B06A-199C5EDD0350}.Release|x64.ActiveCfg = Release|x64
		{9BDB99F1-1CD2-417B-B06A-199C5EDD0350}.Release|x64.Build.0 = Release|x64
		{9BDB99F1-1CD2-417B-B06A-199C5EDD0350}.Release|x86.ActiveCfg = Release|Win32
		{9BDB99F1-1CD2-417B-B06A-199C5EDD0350}.Release|x86.Build.0 = Release|Win32
		{8C38D23A-C9AA-492A-9A02-497C460C3E9B}.Debug|x64.ActiveCfg = Debug|x64
		{8C38D23A-C9AA-492A-9A02-497C460C3E9B}.Debug|x64.Build.0 = Debug|x64
		{8C38D23A-C9AA-492A-9A02-497C460C3E9B}.Debug|x86.ActiveCfg = Debug|Win32
		{8C38D23A-C9AA-492A-9A02-497C460C3E9B}.Debug|x86.Build.0 = Debug|Win32
		{8C38D23A-C9AA-492A-9A02-497C460C3E9B}.Release|x64.ActiveCfg = Release|x64
		{8C38D23A-C9AA-492A-9A02-497C460C3E9B}.Release|x64.Build.0 = Release|x64
		{8C38D23A-C9AA-492A-9A02-497C460C3E9B}.Release|x86.ActiveCfg = Release|Win32
		{8C38D23A-C9AA-492A-9A02-497C460C3E9B}.Release|x86.Build.0 = Release|Win32
	EndGlobalSection
	GlobalSection(SolutionProperties) = preSolution
		HideSolutionNode = FALSE
	EndGlobalSection
	GlobalSection(ExtensibilityGlobals) = postSolution
		SolutionGuid = {96618257-2F14-48B7-BED2-5FF4F4150F82}
	EndGlobalSection
EndGlobal
